
Microsoft Visual Studio Solution File, Format Version 12.00
# Visual Studio Version 17
VisualStudioVersion = 17.14.36623.8 d17.14
MinimumVisualStudioVersion = 10.0.40219.1
Project("{FAE04EC0-301F-11D3-BF4B-00C04F79EFBC}") = "F25Week8DisconnectedModel", "F25Week8DisconnectedModel\F25Week8DisconnectedModel.csproj", "{699D8DFA-79A0-4C34-90C1-B9F0DF70BC71}"
EndProject
Global
	GlobalSection(SolutionConfigurationPlatforms) = preSolution
		Debug|Any CPU = Debug|Any CPU
		Release|Any CPU = Release|Any CPU
	EndGlobalSection
	GlobalSection(ProjectConfigurationPlatforms) = postSolution
		{699D8DFA-79A0-4C34-90C1-B9F0DF70BC71}.Debug|Any CPU.ActiveCfg = Debug|Any CPU
		{699D8DFA-79A0-4C34-90C1-B9F0DF70BC71}.Debug|Any CPU.Build.0 = Debug|Any CPU
		{699D8DFA-79A0-4C34-90C1-B9F0DF70BC71}.Release|Any CPU.ActiveCfg = Release|Any CPU
		{699D8DFA-79A0-4C34-90C1-B9F0DF70BC71}.Release|Any CPU.Build.0 = Release|Any CPU
	EndGlobalSection
	GlobalSection(SolutionProperties) = preSolution
		HideSolutionNode = FALSE
	EndGlobalSection
	GlobalSection(ExtensibilityGlobals) = postSolution
		SolutionGuid = {B856BF1C-C40D-47C7-9E38-F9D9ED05E8E9}
	EndGlobalSection
EndGlobal
